
Microsoft Visual Studio Solution File, Format Version 12.00
# Visual Studio Version 17
VisualStudioVersion = 17.7.34018.315
MinimumVisualStudioVersion = 10.0.40219.1
Project("{FAE04EC0-301F-11D3-BF4B-00C04F79EFBC}") = "TAS_Engine", "TAS_Engine\TAS_Engine.csproj", "{9938088D-650C-4C9B-B1FD-C0457357F836}"
EndProject
Project("{FAE04EC0-301F-11D3-BF4B-00C04F79EFBC}") = "TAS_oM", "TAS_oM\TAS_oM.csproj", "{70CE1292-BF2C-4679-839C-1CCCA3629D45}"
EndProject
Project("{FAE04EC0-301F-11D3-BF4B-00C04F79EFBC}") = "TAS_Adapter", "TAS_Adapter\TAS_Adapter.csproj", "{2FAD86DE-AF5C-4B44-BE15-A3949FE829F5}"
EndProject
Global
	GlobalSection(SolutionConfigurationPlatforms) = preSolution
		Debug|Any CPU = Debug|Any CPU
		Release|Any CPU = Release|Any CPU
	EndGlobalSection
	GlobalSection(ProjectConfigurationPlatforms) = postSolution
		{9938088D-650C-4C9B-B1FD-C0457357F836}.Debug|Any CPU.ActiveCfg = Debug|Any CPU
		{9938088D-650C-4C9B-B1FD-C0457357F836}.Debug|Any CPU.Build.0 = Debug|Any CPU
		{9938088D-650C-4C9B-B1FD-C0457357F836}.Release|Any CPU.ActiveCfg = Release|Any CPU
		{9938088D-650C-4C9B-B1FD-C0457357F836}.Release|Any CPU.Build.0 = Release|Any CPU
		{70CE1292-BF2C-4679-839C-1CCCA3629D45}.Debug|Any CPU.ActiveCfg = Debug|Any CPU
		{70CE1292-BF2C-4679-839C-1CCCA3629D45}.Debug|Any CPU.Build.0 = Debug|Any CPU
		{70CE1292-BF2C-4679-839C-1CCCA3629D45}.Release|Any CPU.ActiveCfg = Release|Any CPU
		{70CE1292-BF2C-4679-839C-1CCCA3629D45}.Release|Any CPU.Build.0 = Release|Any CPU
		{2FAD86DE-AF5C-4B44-BE15-A3949FE829F5}.Debug|Any CPU.ActiveCfg = Debug|Any CPU
		{2FAD86DE-AF5C-4B44-BE15-A3949FE829F5}.Debug|Any CPU.Build.0 = Debug|Any CPU
		{2FAD86DE-AF5C-4B44-BE15-A3949FE829F5}.Release|Any CPU.ActiveCfg = Release|Any CPU
		{2FAD86DE-AF5C-4B44-BE15-A3949FE829F5}.Release|Any CPU.Build.0 = Release|Any CPU
	EndGlobalSection
	GlobalSection(SolutionProperties) = preSolution
		HideSolutionNode = FALSE
	EndGlobalSection
	GlobalSection(ExtensibilityGlobals) = postSolution
		SolutionGuid = {896A0965-583C-41A0-A901-E94C4F265BAD}
	EndGlobalSection
EndGlobal
